
Microsoft Visual Studio Solution File, Format Version 12.00
# Visual Studio Version 17
VisualStudioVersion = 17.11.35327.3
MinimumVisualStudioVersion = 10.0.40219.1
Project("{FAE04EC0-301F-11D3-BF4B-00C04F79EFBC}") = "MooGirlRace", "MooGirlRace.csproj", "{CD131244-B1A2-4989-A4A4-7BD0B38810DF}"
EndProject
Global
    GlobalSection(SolutionConfigurationPlatforms) = preSolution
        Debug|Any CPU = Debug|Any CPU
        Release|Any CPU = Release|Any CPU
    EndGlobalSection
    GlobalSection(ProjectConfigurationPlatforms) = postSolution
        {CD131244-B1A2-4989-A4A4-7BD0B38810DF}.Debug|Any CPU.ActiveCfg = Debug|Any CPU
        {CD131244-B1A2-4989-A4A4-7BD0B38810DF}.Debug|Any CPU.Build.0 = Debug|Any CPU
        {CD131244-B1A2-4989-A4A4-7BD0B38810DF}.Release|Any CPU.ActiveCfg = Release|Any CPU
        {CD131244-B1A2-4989-A4A4-7BD0B38810DF}.Release|Any CPU.Build.0 = Release|Any CPU
    EndGlobalSection
    GlobalSection(SolutionProperties) = preSolution
        HideSolutionNode = FALSE
    EndGlobalSection
    GlobalSection(ExtensibilityGlobals) = postSolution
        SolutionGuid = {A90F9EF4-C6BD-403C-8DC2-E5EB086BF155}
    EndGlobalSection
EndGlobal
